
Microsoft Visual Studio Solution File, Format Version 12.00
Project("{FAE04EC0-301F-11D3-BF4B-00C04F79EFBC}") = "text rpg", "text rpg\text rpg.csproj", "{36049EC2-9747-4A0C-B559-D743AF271764}"
EndProject
Global
	GlobalSection(SolutionConfigurationPlatforms) = preSolution
		Debug|Any CPU = Debug|Any CPU
		Release|Any CPU = Release|Any CPU
	EndGlobalSection
	GlobalSection(ProjectConfigurationPlatforms) = postSolution
		{36049EC2-9747-4A0C-B559-D743AF271764}.Debug|Any CPU.ActiveCfg = Debug|Any CPU
		{36049EC2-9747-4A0C-B559-D743AF271764}.Debug|Any CPU.Build.0 = Debug|Any CPU
		{36049EC2-9747-4A0C-B559-D743AF271764}.Release|Any CPU.ActiveCfg = Release|Any CPU
		{36049EC2-9747-4A0C-B559-D743AF271764}.Release|Any CPU.Build.0 = Release|Any CPU
	EndGlobalSection
EndGlobal
